// !$*UTF8*$!
{
	archiveVersion = 1;
	classes = {
	};
	objectVersion = 46;
	objects = {

/* Begin PBXBuildFile section */
		FBAC5D33241FD2E1007F8DC8 /* AppDelegate.swift in Sources */ = {isa = PBXBuildFile; fileRef = FBAC5D32241FD2E1007F8DC8 /* AppDelegate.swift */; };
		FBAC5D35241FD2E1007F8DC8 /* ViewController.swift in Sources */ = {isa = PBXBuildFile; fileRef = FBAC5D34241FD2E1007F8DC8 /* ViewController.swift */; };
		FBAC5D38241FD2E1007F8DC8 /* Main.storyboard in Resources */ = {isa = PBXBuildFile; fileRef = FBAC5D36241FD2E1007F8DC8 /* Main.storyboard */; };
		FBAC5D3A241FD2E1007F8DC8 /* Assets.xcassets in Resources */ = {isa = PBXBuildFile; fileRef = FBAC5D39241FD2E1007F8DC8 /* Assets.xcassets */; };
		FBAC5D3D241FD2E1007F8DC8 /* LaunchScreen.storyboard in Resources */ = {isa = PBXBuildFile; fileRef = FBAC5D3B241FD2E1007F8DC8 /* LaunchScreen.storyboard */; };
/* End PBXBuildFile section */

/* Begin PBXFileReference section */
		FBAC5D2F241FD2E1007F8DC8 /* JSONParsing.app */ = {isa = PBXFileReference; explicitFileType = wrapper.application; includeInIndex = 0; path = JSONParsing.app; sourceTree = BUILT_PRODUCTS_DIR; };
		FBAC5D32241FD2E1007F8DC8 /* AppDelegate.swift */ = {isa = PBXFileReference; lastKnownFileType = sourcecode.swift; path = AppDelegate.swift; sourceTree = "<group>"; };
		FBAC5D34241FD2E1007F8DC8 /* ViewController.swift */ = {isa = PBXFileReference; lastKnownFileType = sourcecode.swift; path = ViewController.swift; sourceTree = "<group>"; };
		FBAC5D37241FD2E1007F8DC8 /* Base */ = {isa = PBXFileReference; lastKnownFileType = file.storyboard; name = Base; path = Base.lproj/Main.storyboard; sourceTree = "<group>"; };
		FBAC5D39241FD2E1007F8DC8 /* Assets.xcassets */ = {isa = PBXFileReference; lastKnownFileType = folder.assetcatalog; path = Assets.xcassets; sourceTree = "<group>"; };
		FBAC5D3C241FD2E1007F8DC8 /* Base */ = {isa = PBXFileReference; lastKnownFileType = file.storyboard; name = Base; path = Base.lproj/LaunchScreen.storyboard; sourceTree = "<group>"; };
		FBAC5D3E241FD2E1007F8DC8 /* Info.plist */ = {isa = PBXFileReference; lastKnownFileType = text.plist.xml; path = Info.plist; sourceTree = "<group>"; };
/* End PBXFileReference section */

/* Begin PBXFrameworksBuildPhase section */
		FBAC5D2C241FD2E1007F8DC8 /* Frameworks */ = {
			isa = PBXFrameworksBuildPhase;
			buildActionMask = 2147483647;
			files = (
			);
			runOnlyForDeploymentPostprocessing = 0;
		};
/* End PBXFrameworksBuildPhase section */

/* Begin PBXGroup section */
		FBAC5D26241FD2E1007F8DC8 = {
			isa = PBXGroup;
			children = (
				FBAC5D31241FD2E1007F8DC8 /* JSONParsing */,
				FBAC5D30241FD2E1007F8DC8 /* Products */,
			);
			sourceTree = "<group>";
		};
		FBAC5D30241FD2E1007F8DC8 /* Products */ = {
			isa = PBXGroup;
			children = (
				FBAC5D2F241FD2E1007F8DC8 /* JSONParsing.app */,
			);
			name = Products;
			sourceTree = "<group>";
		};
		FBAC5D31241FD2E1007F8DC8 /* JSONParsing */ = {
			isa = PBXGroup;
			children = (
				FBAC5D32241FD2E1007F8DC8 /* AppDelegate.swift */,
				FBAC5D34241FD2E1007F8DC8 /* ViewController.swift */,
				FBAC5D36241FD2E1007F8DC8 /* Main.storyboard */,
				FBAC5D39241FD2E1007F8DC8 /* Assets.xcassets */,
				FBAC5D3B241FD2E1007F8DC8 /* LaunchScreen.storyboard */,
				FBAC5D3E241FD2E1007F8DC8 /* Info.plist */,
			);
			path = JSONParsing;
			sourceTree = "<group>";
		};
/* End PBXGroup section */

/* Begin PBXNativeTarget section */
		FBAC5D2E241FD2E1007F8DC8 /* JSONParsing */ = {
			isa = PBXNativeTarget;
			buildConfigurationList = FBAC5D41241FD2E1007F8DC8 /* Build configuration list for PBXNativeTarget "JSONParsing" */;
			buildPhases = (
				FBAC5D2B241FD2E1007F8DC8 /* Sources */,
				FBAC5D2C241FD2E1007F8DC8 /* Frameworks */,
				FBAC5D2D241FD2E1007F8DC8 /* Resources */,
			);
			buildRules = (
			);
			dependencies = (
			);
			name = JSONParsing;
			productName = JSONParsing;
			productReference = FBAC5D2F241FD2E1007F8DC8 /* JSONParsing.app */;
			productType = "com.apple.product-type.application";
		};
/* End PBXNativeTarget section */

/* Begin PBXProject section */
		FBAC5D27241FD2E1007F8DC8 /* Project object */ = {
			isa = PBXProject;
			attributes = {
				LastSwiftUpdateCheck = 0820;
				LastUpgradeCheck = 0820;
				ORGANIZATIONNAME = YaathmiAR;
				TargetAttributes = {
					FBAC5D2E241FD2E1007F8DC8 = {
						CreatedOnToolsVersion = 8.2;
						ProvisioningStyle = Automatic;
					};
				};
			};
			buildConfigurationList = FBAC5D2A241FD2E1007F8DC8 /* Build configuration list for PBXProject "JSONParsing" */;
			compatibilityVersion = "Xcode 3.2";
			developmentRegion = English;
			hasScannedForEncodings = 0;
			knownRegions = (
				en,
				Base,
			);
			mainGroup = FBAC5D26241FD2E1007F8DC8;
			productRefGroup = FBAC5D30241FD2E1007F8DC8 /* Products */;
			projectDirPath = "";
			projectRoot = "";
			targets = (
				FBAC5D2E241FD2E1007F8DC8 /* JSONParsing */,
			);
		};
/* End PBXProject section */

/* Begin PBXResourcesBuildPhase section */
		FBAC5D2D241FD2E1007F8DC8 /* Resources */ = {
			isa = PBXResourcesBuildPhase;
			buildActionMask = 2147483647;
			files = (
				FBAC5D3D241FD2E1007F8DC8 /* LaunchScreen.storyboard in Resources */,
				FBAC5D3A241FD2E1007F8DC8 /* Assets.xcassets in Resources */,
				FBAC5D38241FD2E1007F8DC8 /* Main.storyboard in Resources */,
			);
			runOnlyForDeploymentPostprocessing = 0;
		};
/* End PBXResourcesBuildPhase section */

/* Begin PBXSourcesBuildPhase section */
		FBAC5D2B241FD2E1007F8DC8 /* Sources */ = {
			isa = PBXSourcesBuildPhase;
			buildActionMask = 2147483647;
			files = (
				FBAC5D35241FD2E1007F8DC8 /* ViewController.swift in Sources */,
				FBAC5D33241FD2E1007F8DC8 /* AppDelegate.swift in Sources */,
			);
			runOnlyForDeploymentPostprocessing = 0;
		};
/* End PBXSourcesBuildPhase section */

/* Begin PBXVariantGroup section */
		FBAC5D36241FD2E1007F8DC8 /* Main.storyboard */ = {
			isa = PBXVariantGroup;
			children = (
				FBAC5D37241FD2E1007F8DC8 /* Base */,
			);
			name = Main.storyboard;
			sourceTree = "<group>";
		};
		FBAC5D3B241FD2E1007F8DC8 /* LaunchScreen.storyboard */ = {
			isa = PBXVariantGroup;
			children = (
				FBAC5D3C241FD2E1007F8DC8 /* Base */,
			);
			name = LaunchScreen.storyboard;
			sourceTree = "<group>";
		};
/* End PBXVariantGroup section */

/* Begin XCBuildConfiguration section */
		FBAC5D3F241FD2E1007F8DC8 /* Debug */ = {
			isa = XCBuildConfiguration;
			buildSettings = {
				ALWAYS_SEARCH_USER_PATHS = NO;
				CLANG_ANALYZER_NONNULL = YES;
				CLANG_CXX_LANGUAGE_STANDARD = "gnu++0x";
				CLANG_CXX_LIBRARY = "libc++";
				CLANG_ENABLE_MODULES = YES;
				CLANG_ENABLE_OBJC_ARC = YES;
				CLANG_WARN_BOOL_CONVERSION = YES;
				CLANG_WARN_CONSTANT_CONVERSION = YES;
				CLANG_WARN_DIRECT_OBJC_ISA_USAGE = YES_ERROR;
				CLANG_WARN_DOCUMENTATION_COMMENTS = YES;
				CLANG_WARN_EMPTY_BODY = YES;
				CLANG_WARN_ENUM_CONVERSION = YES;
				CLANG_WARN_INFINITE_RECURSION = YES;
				CLANG_WARN_INT_CONVERSION = YES;
				CLANG_WARN_OBJC_ROOT_CLASS = YES_ERROR;
				CLANG_WARN_SUSPICIOUS_MOVE = YES;
				CLANG_WARN_UNREACHABLE_CODE = YES;
				CLANG_WARN__DUPLICATE_METHOD_MATCH = YES;
				"CODE_SIGN_IDENTITY[sdk=iphoneos*]" = "iPhone Developer";
				COPY_PHASE_STRIP = NO;
				DEBUG_INFORMATION_FORMAT = dwarf;
				ENABLE_STRICT_OBJC_MSGSEND = YES;
				ENABLE_TESTABILITY = YES;
				GCC_C_LANGUAGE_STANDARD = gnu99;
				GCC_DYNAMIC_NO_PIC = NO;
				GCC_NO_COMMON_BLOCKS = YES;
				GCC_OPTIMIZATION_LEVEL = 0;
				GCC_PREPROCESSOR_DEFINITIONS = (
					"DEBUG=1",
					"$(inherited)",
				);
				GCC_WARN_64_TO_32_BIT_CONVERSION = YES;
				GCC_WARN_ABOUT_RETURN_TYPE = YES_ERROR;
				GCC_WARN_UNDECLARED_SELECTOR = YES;
				GCC_WARN_UNINITIALIZED_AUTOS = YES_AGGRESSIVE;
				GCC_WARN_UNUSED_FUNCTION = YES;
				GCC_WARN_UNUSED_VARIABLE = YES;
				IPHONEOS_DEPLOYMENT_TARGET = 10.2;
				MTL_ENABLE_DEBUG_INFO = YES;
				ONLY_ACTIVE_ARCH = YES;
				SDKROOT = iphoneos;
				SWIFT_ACTIVE_COMPILATION_CONDITIONS = DEBUG;
				SWIFT_OPTIMIZATION_LEVEL = "-Onone";
			};
			name = Debug;
		};
		FBAC5D40241FD2E1007F8DC8 /* Release */ = {
			isa = XCBuildConfiguration;
			buildSettings = {
				ALWAYS_SEARCH_USER_PATHS = NO;
				CLANG_ANALYZER_NONNULL = YES;
				CLANG_CXX_LANGUAGE_STANDARD = "gnu++0x";
				CLANG_CXX_LIBRARY = "libc++";
				CLANG_ENABLE_MODULES = YES;
				CLANG_ENABLE_OBJC_ARC = YES;
				CLANG_WARN_BOOL_CONVERSION = YES;
				CLANG_WARN_CONSTANT_CONVERSION = YES;
				CLANG_WARN_DIRECT_OBJC_ISA_USAGE = YES_ERROR;
				CLANG_WARN_DOCUMENTATION_COMMENTS = YES;
				CLANG_WARN_EMPTY_BODY = YES;
				CLANG_WARN_ENUM_CONVERSION = YES;
				CLANG_WARN_INFINITE_RECURSION = YES;
				CLANG_WARN_INT_CONVERSION = YES;
				CLANG_WARN_OBJC_ROOT_CLASS = YES_ERROR;
				CLANG_WARN_SUSPICIOUS_MOVE = YES;
				CLANG_WARN_UNREACHABLE_CODE = YES;
				CLANG_WARN__DUPLICATE_METHOD_MATCH = YES;
				"CODE_SIGN_IDENTITY[sdk=iphoneos*]" = "iPhone Developer";
				COPY_PHASE_STRIP = NO;
				DEBUG_INFORMATION_FORMAT = "dwarf-with-dsym";
				ENABLE_NS_ASSERTIONS = NO;
				ENABLE_STRICT_OBJC_MSGSEND = YES;
				GCC_C_LANGUAGE_STANDARD = gnu99;
				GCC_NO_COMMON_BLOCKS = YES;
				GCC_WARN_64_TO_32_BIT_CONVERSION = YES;
				GCC_WARN_ABOUT_RETURN_TYPE = YES_ERROR;
				GCC_WARN_UNDECLARED_SELECTOR = YES;
				GCC_WARN_UNINITIALIZED_AUTOS = YES_AGGRESSIVE;
				GCC_WARN_UNUSED_FUNCTION = YES;
				GCC_WARN_UNUSED_VARIABLE = YES;
				IPHONEOS_DEPLOYMENT_TARGET = 10.2;
				MTL_ENABLE_DEBUG_INFO = NO;
				SDKROOT = iphoneos;
				SWIFT_OPTIMIZATION_LEVEL = "-Owholemodule";
				VALIDATE_PRODUCT = YES;
			};
			name = Release;
		};
		FBAC5D42241FD2E1007F8DC8 /* Debug */ = {
			isa = XCBuildConfiguration;
			buildSettings = {
				ASSETCATALOG_COMPILER_APPICON_NAME = AppIcon;
				INFOPLIST_FILE = JSONParsing/Info.plist;
				LD_RUNPATH_SEARCH_PATHS = "$(inherited) @executable_path/Frameworks";
				PRODUCT_BUNDLE_IDENTIFIER = com.yaathmi.JSONParsing;
				PRODUCT_NAME = "$(TARGET_NAME)";
				SWIFT_VERSION = 3.0;
			};
			name = Debug;
		};
		FBAC5D43241FD2E1007F8DC8 /* Release */ = {
			isa = XCBuildConfiguration;
			buildSettings = {
				ASSETCATALOG_COMPILER_APPICON_NAME = AppIcon;
				INFOPLIST_FILE = JSONParsing/Info.plist;
				LD_RUNPATH_SEARCH_PATHS = "$(inherited) @executable_path/Frameworks";
				PRODUCT_BUNDLE_IDENTIFIER = com.yaathmi.JSONParsing;
				PRODUCT_NAME = "$(TARGET_NAME)";
				SWIFT_VERSION = 3.0;
			};
			name = Release;
		};
/* End XCBuildConfiguration section */

/* Begin XCConfigurationList section */
		FBAC5D2A241FD2E1007F8DC8 /* Build configuration list for PBXProject "JSONParsing" */ = {
			isa = XCConfigurationList;
			buildConfigurations = (
				FBAC5D3F241FD2E1007F8DC8 /* Debug */,
				FBAC5D40241FD2E1007F8DC8 /* Release */,
			);
			defaultConfigurationIsVisible = 0;
			defaultConfigurationName = Release;
		};
		FBAC5D41241FD2E1007F8DC8 /* Build configuration list for PBXNativeTarget "JSONParsing" */ = {
			isa = XCConfigurationList;
			buildConfigurations = (
				FBAC5D42241FD2E1007F8DC8 /* Debug */,
				FBAC5D43241FD2E1007F8DC8 /* Release */,
			);
			defaultConfigurationIsVisible = 0;
		};
/* End XCConfigurationList section */
	};
	rootObject = FBAC5D27241FD2E1007F8DC8 /* Project object */;
}
